
Microsoft Visual Studio Solution File, Format Version 12.00
# Visual Studio Version 17
VisualStudioVersion = 17.5.33516.290
MinimumVisualStudioVersion = 10.0.40219.1
Project("{FAE04EC0-301F-11D3-BF4B-00C04F79EFBC}") = "Ejercicio_Nro_08", "Ejercicio_Nro_08.csproj", "{4EAD274B-C248-4BFF-BAB5-C230E97E9F27}"
EndProject
Global
	GlobalSection(SolutionConfigurationPlatforms) = preSolution
		Debug|Any CPU = Debug|Any CPU
		Release|Any CPU = Release|Any CPU
	EndGlobalSection
	GlobalSection(ProjectConfigurationPlatforms) = postSolution
		{4EAD274B-C248-4BFF-BAB5-C230E97E9F27}.Debug|Any CPU.ActiveCfg = Debug|Any CPU
		{4EAD274B-C248-4BFF-BAB5-C230E97E9F27}.Debug|Any CPU.Build.0 = Debug|Any CPU
		{4EAD274B-C248-4BFF-BAB5-C230E97E9F27}.Release|Any CPU.ActiveCfg = Release|Any CPU
		{4EAD274B-C248-4BFF-BAB5-C230E97E9F27}.Release|Any CPU.Build.0 = Release|Any CPU
	EndGlobalSection
	GlobalSection(SolutionProperties) = preSolution
		HideSolutionNode = FALSE
	EndGlobalSection
	GlobalSection(ExtensibilityGlobals) = postSolution
		SolutionGuid = {85D0449D-9FF7-47E3-BC0F-CA6E7DC07548}
	EndGlobalSection
EndGlobal
